
Microsoft Visual Studio Solution File, Format Version 11.00
# Visual Studio 2010
Project("{FAE04EC0-301F-11D3-BF4B-00C04F79EFBC}") = "BurgerAR", "Assembly-CSharp.csproj", "{CFEC04A9-3547-07B5-EA40-2EF18FFDDDFF}"
EndProject
Project("{FAE04EC0-301F-11D3-BF4B-00C04F79EFBC}") = "BurgerAR", "Assembly-CSharp-firstpass.csproj", "{B86C31EC-5387-B218-3793-3A8711A7A118}"
EndProject
Project("{FAE04EC0-301F-11D3-BF4B-00C04F79EFBC}") = "BurgerAR", "VuforiaScripts.csproj", "{055FE077-25C6-7C15-1B07-5F250B7787CC}"
EndProject
Project("{FAE04EC0-301F-11D3-BF4B-00C04F79EFBC}") = "BurgerAR", "Assembly-CSharp-Editor.csproj", "{86FE6E26-AC17-7CEC-9EE3-DC01435AAEC8}"
EndProject
Project("{FAE04EC0-301F-11D3-BF4B-00C04F79EFBC}") = "BurgerAR", "Assembly-CSharp-Editor-firstpass.csproj", "{C68B5FBE-4B08-4A90-2BB1-2CECAADC5168}"
EndProject
Project("{FAE04EC0-301F-11D3-BF4B-00C04F79EFBC}") = "BurgerAR", "VuforiaEditorScripts.csproj", "{599A8C45-5DB1-D972-76CF-D2ADA87B64F3}"
EndProject
Global
	GlobalSection(SolutionConfigurationPlatforms) = preSolution
		Debug|Any CPU = Debug|Any CPU
		Release|Any CPU = Release|Any CPU
	EndGlobalSection
	GlobalSection(ProjectConfigurationPlatforms) = postSolution
		{CFEC04A9-3547-07B5-EA40-2EF18FFDDDFF}.Debug|Any CPU.ActiveCfg = Debug|Any CPU
		{CFEC04A9-3547-07B5-EA40-2EF18FFDDDFF}.Debug|Any CPU.Build.0 = Debug|Any CPU
		{CFEC04A9-3547-07B5-EA40-2EF18FFDDDFF}.Release|Any CPU.ActiveCfg = Release|Any CPU
		{CFEC04A9-3547-07B5-EA40-2EF18FFDDDFF}.Release|Any CPU.Build.0 = Release|Any CPU
		{B86C31EC-5387-B218-3793-3A8711A7A118}.Debug|Any CPU.ActiveCfg = Debug|Any CPU
		{B86C31EC-5387-B218-3793-3A8711A7A118}.Debug|Any CPU.Build.0 = Debug|Any CPU
		{B86C31EC-5387-B218-3793-3A8711A7A118}.Release|Any CPU.ActiveCfg = Release|Any CPU
		{B86C31EC-5387-B218-3793-3A8711A7A118}.Release|Any CPU.Build.0 = Release|Any CPU
		{055FE077-25C6-7C15-1B07-5F250B7787CC}.Debug|Any CPU.ActiveCfg = Debug|Any CPU
		{055FE077-25C6-7C15-1B07-5F250B7787CC}.Debug|Any CPU.Build.0 = Debug|Any CPU
		{055FE077-25C6-7C15-1B07-5F250B7787CC}.Release|Any CPU.ActiveCfg = Release|Any CPU
		{055FE077-25C6-7C15-1B07-5F250B7787CC}.Release|Any CPU.Build.0 = Release|Any CPU
		{86FE6E26-AC17-7CEC-9EE3-DC01435AAEC8}.Debug|Any CPU.ActiveCfg = Debug|Any CPU
		{86FE6E26-AC17-7CEC-9EE3-DC01435AAEC8}.Debug|Any CPU.Build.0 = Debug|Any CPU
		{86FE6E26-AC17-7CEC-9EE3-DC01435AAEC8}.Release|Any CPU.ActiveCfg = Release|Any CPU
		{86FE6E26-AC17-7CEC-9EE3-DC01435AAEC8}.Release|Any CPU.Build.0 = Release|Any CPU
		{C68B5FBE-4B08-4A90-2BB1-2CECAADC5168}.Debug|Any CPU.ActiveCfg = Debug|Any CPU
		{C68B5FBE-4B08-4A90-2BB1-2CECAADC5168}.Debug|Any CPU.Build.0 = Debug|Any CPU
		{C68B5FBE-4B08-4A90-2BB1-2CECAADC5168}.Release|Any CPU.ActiveCfg = Release|Any CPU
		{C68B5FBE-4B08-4A90-2BB1-2CECAADC5168}.Release|Any CPU.Build.0 = Release|Any CPU
		{599A8C45-5DB1-D972-76CF-D2ADA87B64F3}.Debug|Any CPU.ActiveCfg = Debug|Any CPU
		{599A8C45-5DB1-D972-76CF-D2ADA87B64F3}.Debug|Any CPU.Build.0 = Debug|Any CPU
		{599A8C45-5DB1-D972-76CF-D2ADA87B64F3}.Release|Any CPU.ActiveCfg = Release|Any CPU
		{599A8C45-5DB1-D972-76CF-D2ADA87B64F3}.Release|Any CPU.Build.0 = Release|Any CPU
	EndGlobalSection
	GlobalSection(SolutionProperties) = preSolution
		HideSolutionNode = FALSE
	EndGlobalSection
	GlobalSection(MonoDevelopProperties) = preSolution
		StartupItem = Assembly-CSharp.csproj
	EndGlobalSection
EndGlobal
